// !$*UTF8*$!
{
	archiveVersion = 1;
	classes = {
	};
	objectVersion = 56;
	objects = {

/* Begin PBXBuildFile section */
		4AB328E92B626371008F4377 /* rbTestTaskSwiftUIApp.swift in Sources */ = {isa = PBXBuildFile; fileRef = 4AB328E82B626371008F4377 /* rbTestTaskSwiftUIApp.swift */; };
		4AB328EB2B626371008F4377 /* ContentView.swift in Sources */ = {isa = PBXBuildFile; fileRef = 4AB328EA2B626371008F4377 /* ContentView.swift */; };
		4AB328ED2B626374008F4377 /* Assets.xcassets in Resources */ = {isa = PBXBuildFile; fileRef = 4AB328EC2B626374008F4377 /* Assets.xcassets */; };
		4AB328F02B626374008F4377 /* Preview Assets.xcassets in Resources */ = {isa = PBXBuildFile; fileRef = 4AB328EF2B626374008F4377 /* Preview Assets.xcassets */; };
		4AB328FA2B626375008F4377 /* rbTestTaskSwiftUITests.swift in Sources */ = {isa = PBXBuildFile; fileRef = 4AB328F92B626375008F4377 /* rbTestTaskSwiftUITests.swift */; };
		4AB329042B626375008F4377 /* rbTestTaskSwiftUIUITests.swift in Sources */ = {isa = PBXBuildFile; fileRef = 4AB329032B626375008F4377 /* rbTestTaskSwiftUIUITests.swift */; };
		4AB329062B626375008F4377 /* rbTestTaskSwiftUIUITestsLaunchTests.swift in Sources */ = {isa = PBXBuildFile; fileRef = 4AB329052B626375008F4377 /* rbTestTaskSwiftUIUITestsLaunchTests.swift */; };
		4AB329152B6264B0008F4377 /* BetCell.swift in Sources */ = {isa = PBXBuildFile; fileRef = 4AB329142B6264B0008F4377 /* BetCell.swift */; };
		4AB3291B2B62802F008F4377 /* AverageDiagram.swift in Sources */ = {isa = PBXBuildFile; fileRef = 4AB3291A2B62802F008F4377 /* AverageDiagram.swift */; };
		4AB3291F2B62C365008F4377 /* DiagramView.swift in Sources */ = {isa = PBXBuildFile; fileRef = 4AB3291E2B62C365008F4377 /* DiagramView.swift */; };
		4AB329212B639438008F4377 /* PercentageView.swift in Sources */ = {isa = PBXBuildFile; fileRef = 4AB329202B639438008F4377 /* PercentageView.swift */; };
		4AB329232B639757008F4377 /* Extensions.swift in Sources */ = {isa = PBXBuildFile; fileRef = 4AB329222B639757008F4377 /* Extensions.swift */; };
/* End PBXBuildFile section */

/* Begin PBXContainerItemProxy section */
		4AB328F62B626375008F4377 /* PBXContainerItemProxy */ = {
			isa = PBXContainerItemProxy;
			containerPortal = 4AB328DD2B626371008F4377 /* Project object */;
			proxyType = 1;
			remoteGlobalIDString = 4AB328E42B626371008F4377;
			remoteInfo = rbTestTaskSwiftUI;
		};
		4AB329002B626375008F4377 /* PBXContainerItemProxy */ = {
			isa = PBXContainerItemProxy;
			containerPortal = 4AB328DD2B626371008F4377 /* Project object */;
			proxyType = 1;
			remoteGlobalIDString = 4AB328E42B626371008F4377;
			remoteInfo = rbTestTaskSwiftUI;
		};
/* End PBXContainerItemProxy section */

/* Begin PBXFileReference section */
		4AB328E52B626371008F4377 /* rbTestTaskSwiftUI.app */ = {isa = PBXFileReference; explicitFileType = wrapper.application; includeInIndex = 0; path = rbTestTaskSwiftUI.app; sourceTree = BUILT_PRODUCTS_DIR; };
		4AB328E82B626371008F4377 /* rbTestTaskSwiftUIApp.swift */ = {isa = PBXFileReference; lastKnownFileType = sourcecode.swift; path = rbTestTaskSwiftUIApp.swift; sourceTree = "<group>"; };
		4AB328EA2B626371008F4377 /* ContentView.swift */ = {isa = PBXFileReference; lastKnownFileType = sourcecode.swift; path = ContentView.swift; sourceTree = "<group>"; };
		4AB328EC2B626374008F4377 /* Assets.xcassets */ = {isa = PBXFileReference; lastKnownFileType = folder.assetcatalog; path = Assets.xcassets; sourceTree = "<group>"; };
		4AB328EF2B626374008F4377 /* Preview Assets.xcassets */ = {isa = PBXFileReference; lastKnownFileType = folder.assetcatalog; path = "Preview Assets.xcassets"; sourceTree = "<group>"; };
		4AB328F52B626375008F4377 /* rbTestTaskSwiftUITests.xctest */ = {isa = PBXFileReference; explicitFileType = wrapper.cfbundle; includeInIndex = 0; path = rbTestTaskSwiftUITests.xctest; sourceTree = BUILT_PRODUCTS_DIR; };
		4AB328F92B626375008F4377 /* rbTestTaskSwiftUITests.swift */ = {isa = PBXFileReference; lastKnownFileType = sourcecode.swift; path = rbTestTaskSwiftUITests.swift; sourceTree = "<group>"; };
		4AB328FF2B626375008F4377 /* rbTestTaskSwiftUIUITests.xctest */ = {isa = PBXFileReference; explicitFileType = wrapper.cfbundle; includeInIndex = 0; path = rbTestTaskSwiftUIUITests.xctest; sourceTree = BUILT_PRODUCTS_DIR; };
		4AB329032B626375008F4377 /* rbTestTaskSwiftUIUITests.swift */ = {isa = PBXFileReference; lastKnownFileType = sourcecode.swift; path = rbTestTaskSwiftUIUITests.swift; sourceTree = "<group>"; };
		4AB329052B626375008F4377 /* rbTestTaskSwiftUIUITestsLaunchTests.swift */ = {isa = PBXFileReference; lastKnownFileType = sourcecode.swift; path = rbTestTaskSwiftUIUITestsLaunchTests.swift; sourceTree = "<group>"; };
		4AB329142B6264B0008F4377 /* BetCell.swift */ = {isa = PBXFileReference; lastKnownFileType = sourcecode.swift; path = BetCell.swift; sourceTree = "<group>"; };
		4AB3291A2B62802F008F4377 /* AverageDiagram.swift */ = {isa = PBXFileReference; lastKnownFileType = sourcecode.swift; path = AverageDiagram.swift; sourceTree = "<group>"; };
		4AB3291E2B62C365008F4377 /* DiagramView.swift */ = {isa = PBXFileReference; lastKnownFileType = sourcecode.swift; path = DiagramView.swift; sourceTree = "<group>"; };
		4AB329202B639438008F4377 /* PercentageView.swift */ = {isa = PBXFileReference; lastKnownFileType = sourcecode.swift; path = PercentageView.swift; sourceTree = "<group>"; };
		4AB329222B639757008F4377 /* Extensions.swift */ = {isa = PBXFileReference; lastKnownFileType = sourcecode.swift; path = Extensions.swift; sourceTree = "<group>"; };
/* End PBXFileReference section */

/* Begin PBXFrameworksBuildPhase section */
		4AB328E22B626371008F4377 /* Frameworks */ = {
			isa = PBXFrameworksBuildPhase;
			buildActionMask = 2147483647;
			files = (
			);
			runOnlyForDeploymentPostprocessing = 0;
		};
		4AB328F22B626375008F4377 /* Frameworks */ = {
			isa = PBXFrameworksBuildPhase;
			buildActionMask = 2147483647;
			files = (
			);
			runOnlyForDeploymentPostprocessing = 0;
		};
		4AB328FC2B626375008F4377 /* Frameworks */ = {
			isa = PBXFrameworksBuildPhase;
			buildActionMask = 2147483647;
			files = (
			);
			runOnlyForDeploymentPostprocessing = 0;
		};
/* End PBXFrameworksBuildPhase section */

/* Begin PBXGroup section */
		4AB328DC2B626371008F4377 = {
			isa = PBXGroup;
			children = (
				4AB328E72B626371008F4377 /* rbTestTaskSwiftUI */,
				4AB328F82B626375008F4377 /* rbTestTaskSwiftUITests */,
				4AB329022B626375008F4377 /* rbTestTaskSwiftUIUITests */,
				4AB328E62B626371008F4377 /* Products */,
			);
			sourceTree = "<group>";
		};
		4AB328E62B626371008F4377 /* Products */ = {
			isa = PBXGroup;
			children = (
				4AB328E52B626371008F4377 /* rbTestTaskSwiftUI.app */,
				4AB328F52B626375008F4377 /* rbTestTaskSwiftUITests.xctest */,
				4AB328FF2B626375008F4377 /* rbTestTaskSwiftUIUITests.xctest */,
			);
			name = Products;
			sourceTree = "<group>";
		};
		4AB328E72B626371008F4377 /* rbTestTaskSwiftUI */ = {
			isa = PBXGroup;
			children = (
				4AB329252B63F592008F4377 /* Views */,
				4AB329242B63F582008F4377 /* Resourses */,
				4AB328E82B626371008F4377 /* rbTestTaskSwiftUIApp.swift */,
				4AB328EE2B626374008F4377 /* Preview Content */,
			);
			path = rbTestTaskSwiftUI;
			sourceTree = "<group>";
		};
		4AB328EE2B626374008F4377 /* Preview Content */ = {
			isa = PBXGroup;
			children = (
				4AB328EF2B626374008F4377 /* Preview Assets.xcassets */,
			);
			path = "Preview Content";
			sourceTree = "<group>";
		};
		4AB328F82B626375008F4377 /* rbTestTaskSwiftUITests */ = {
			isa = PBXGroup;
			children = (
				4AB328F92B626375008F4377 /* rbTestTaskSwiftUITests.swift */,
			);
			path = rbTestTaskSwiftUITests;
			sourceTree = "<group>";
		};
		4AB329022B626375008F4377 /* rbTestTaskSwiftUIUITests */ = {
			isa = PBXGroup;
			children = (
				4AB329032B626375008F4377 /* rbTestTaskSwiftUIUITests.swift */,
				4AB329052B626375008F4377 /* rbTestTaskSwiftUIUITestsLaunchTests.swift */,
			);
			path = rbTestTaskSwiftUIUITests;
			sourceTree = "<group>";
		};
		4AB329242B63F582008F4377 /* Resourses */ = {
			isa = PBXGroup;
			children = (
				4AB328EC2B626374008F4377 /* Assets.xcassets */,
				4AB329222B639757008F4377 /* Extensions.swift */,
			);
			path = Resourses;
			sourceTree = "<group>";
		};
		4AB329252B63F592008F4377 /* Views */ = {
			isa = PBXGroup;
			children = (
				4AB328EA2B626371008F4377 /* ContentView.swift */,
				4AB3291A2B62802F008F4377 /* AverageDiagram.swift */,
				4AB3291E2B62C365008F4377 /* DiagramView.swift */,
				4AB329142B6264B0008F4377 /* BetCell.swift */,
				4AB329202B639438008F4377 /* PercentageView.swift */,
			);
			path = Views;
			sourceTree = "<group>";
		};
/* End PBXGroup section */

/* Begin PBXNativeTarget section */
		4AB328E42B626371008F4377 /* rbTestTaskSwiftUI */ = {
			isa = PBXNativeTarget;
			buildConfigurationList = 4AB329092B626375008F4377 /* Build configuration list for PBXNativeTarget "rbTestTaskSwiftUI" */;
			buildPhases = (
				4AB328E12B626371008F4377 /* Sources */,
				4AB328E22B626371008F4377 /* Frameworks */,
				4AB328E32B626371008F4377 /* Resources */,
			);
			buildRules = (
			);
			dependencies = (
			);
			name = rbTestTaskSwiftUI;
			productName = rbTestTaskSwiftUI;
			productReference = 4AB328E52B626371008F4377 /* rbTestTaskSwiftUI.app */;
			productType = "com.apple.product-type.application";
		};
		4AB328F42B626375008F4377 /* rbTestTaskSwiftUITests */ = {
			isa = PBXNativeTarget;
			buildConfigurationList = 4AB3290C2B626375008F4377 /* Build configuration list for PBXNativeTarget "rbTestTaskSwiftUITests" */;
			buildPhases = (
				4AB328F12B626375008F4377 /* Sources */,
				4AB328F22B626375008F4377 /* Frameworks */,
				4AB328F32B626375008F4377 /* Resources */,
			);
			buildRules = (
			);
			dependencies = (
				4AB328F72B626375008F4377 /* PBXTargetDependency */,
			);
			name = rbTestTaskSwiftUITests;
			productName = rbTestTaskSwiftUITests;
			productReference = 4AB328F52B626375008F4377 /* rbTestTaskSwiftUITests.xctest */;
			productType = "com.apple.product-type.bundle.unit-test";
		};
		4AB328FE2B626375008F4377 /* rbTestTaskSwiftUIUITests */ = {
			isa = PBXNativeTarget;
			buildConfigurationList = 4AB3290F2B626375008F4377 /* Build configuration list for PBXNativeTarget "rbTestTaskSwiftUIUITests" */;
			buildPhases = (
				4AB328FB2B626375008F4377 /* Sources */,
				4AB328FC2B626375008F4377 /* Frameworks */,
				4AB328FD2B626375008F4377 /* Resources */,
			);
			buildRules = (
			);
			dependencies = (
				4AB329012B626375008F4377 /* PBXTargetDependency */,
			);
			name = rbTestTaskSwiftUIUITests;
			productName = rbTestTaskSwiftUIUITests;
			productReference = 4AB328FF2B626375008F4377 /* rbTestTaskSwiftUIUITests.xctest */;
			productType = "com.apple.product-type.bundle.ui-testing";
		};
/* End PBXNativeTarget section */

/* Begin PBXProject section */
		4AB328DD2B626371008F4377 /* Project object */ = {
			isa = PBXProject;
			attributes = {
				BuildIndependentTargetsInParallel = 1;
				LastSwiftUpdateCheck = 1500;
				LastUpgradeCheck = 1500;
				TargetAttributes = {
					4AB328E42B626371008F4377 = {
						CreatedOnToolsVersion = 15.0.1;
					};
					4AB328F42B626375008F4377 = {
						CreatedOnToolsVersion = 15.0.1;
						TestTargetID = 4AB328E42B626371008F4377;
					};
					4AB328FE2B626375008F4377 = {
						CreatedOnToolsVersion = 15.0.1;
						TestTargetID = 4AB328E42B626371008F4377;
					};
				};
			};
			buildConfigurationList = 4AB328E02B626371008F4377 /* Build configuration list for PBXProject "rbTestTaskSwiftUI" */;
			compatibilityVersion = "Xcode 14.0";
			developmentRegion = en;
			hasScannedForEncodings = 0;
			knownRegions = (
				en,
				Base,
			);
			mainGroup = 4AB328DC2B626371008F4377;
			productRefGroup = 4AB328E62B626371008F4377 /* Products */;
			projectDirPath = "";
			projectRoot = "";
			targets = (
				4AB328E42B626371008F4377 /* rbTestTaskSwiftUI */,
				4AB328F42B626375008F4377 /* rbTestTaskSwiftUITests */,
				4AB328FE2B626375008F4377 /* rbTestTaskSwiftUIUITests */,
			);
		};
/* End PBXProject section */

/* Begin PBXResourcesBuildPhase section */
		4AB328E32B626371008F4377 /* Resources */ = {
			isa = PBXResourcesBuildPhase;
			buildActionMask = 2147483647;
			files = (
				4AB328F02B626374008F4377 /* Preview Assets.xcassets in Resources */,
				4AB328ED2B626374008F4377 /* Assets.xcassets in Resources */,
			);
			runOnlyForDeploymentPostprocessing = 0;
		};
		4AB328F32B626375008F4377 /* Resources */ = {
			isa = PBXResourcesBuildPhase;
			buildActionMask = 2147483647;
			files = (
			);
			runOnlyForDeploymentPostprocessing = 0;
		};
		4AB328FD2B626375008F4377 /* Resources */ = {
			isa = PBXResourcesBuildPhase;
			buildActionMask = 2147483647;
			files = (
			);
			runOnlyForDeploymentPostprocessing = 0;
		};
/* End PBXResourcesBuildPhase section */

/* Begin PBXSourcesBuildPhase section */
		4AB328E12B626371008F4377 /* Sources */ = {
			isa = PBXSourcesBuildPhase;
			buildActionMask = 2147483647;
			files = (
				4AB328EB2B626371008F4377 /* ContentView.swift in Sources */,
				4AB3291B2B62802F008F4377 /* AverageDiagram.swift in Sources */,
				4AB329212B639438008F4377 /* PercentageView.swift in Sources */,
				4AB329232B639757008F4377 /* Extensions.swift in Sources */,
				4AB3291F2B62C365008F4377 /* DiagramView.swift in Sources */,
				4AB328E92B626371008F4377 /* rbTestTaskSwiftUIApp.swift in Sources */,
				4AB329152B6264B0008F4377 /* BetCell.swift in Sources */,
			);
			runOnlyForDeploymentPostprocessing = 0;
		};
		4AB328F12B626375008F4377 /* Sources */ = {
			isa = PBXSourcesBuildPhase;
			buildActionMask = 2147483647;
			files = (
				4AB328FA2B626375008F4377 /* rbTestTaskSwiftUITests.swift in Sources */,
			);
			runOnlyForDeploymentPostprocessing = 0;
		};
		4AB328FB2B626375008F4377 /* Sources */ = {
			isa = PBXSourcesBuildPhase;
			buildActionMask = 2147483647;
			files = (
				4AB329042B626375008F4377 /* rbTestTaskSwiftUIUITests.swift in Sources */,
				4AB329062B626375008F4377 /* rbTestTaskSwiftUIUITestsLaunchTests.swift in Sources */,
			);
			runOnlyForDeploymentPostprocessing = 0;
		};
/* End PBXSourcesBuildPhase section */

/* Begin PBXTargetDependency section */
		4AB328F72B626375008F4377 /* PBXTargetDependency */ = {
			isa = PBXTargetDependency;
			target = 4AB328E42B626371008F4377 /* rbTestTaskSwiftUI */;
			targetProxy = 4AB328F62B626375008F4377 /* PBXContainerItemProxy */;
		};
		4AB329012B626375008F4377 /* PBXTargetDependency */ = {
			isa = PBXTargetDependency;
			target = 4AB328E42B626371008F4377 /* rbTestTaskSwiftUI */;
			targetProxy = 4AB329002B626375008F4377 /* PBXContainerItemProxy */;
		};
/* End PBXTargetDependency section */

/* Begin XCBuildConfiguration section */
		4AB329072B626375008F4377 /* Debug */ = {
			isa = XCBuildConfiguration;
			buildSettings = {
				ALWAYS_SEARCH_USER_PATHS = NO;
				ASSETCATALOG_COMPILER_GENERATE_SWIFT_ASSET_SYMBOL_EXTENSIONS = YES;
				CLANG_ANALYZER_NONNULL = YES;
				CLANG_ANALYZER_NUMBER_OBJECT_CONVERSION = YES_AGGRESSIVE;
				CLANG_CXX_LANGUAGE_STANDARD = "gnu++20";
				CLANG_ENABLE_MODULES = YES;
				CLANG_ENABLE_OBJC_ARC = YES;
				CLANG_ENABLE_OBJC_WEAK = YES;
				CLANG_WARN_BLOCK_CAPTURE_AUTORELEASING = YES;
				CLANG_WARN_BOOL_CONVERSION = YES;
				CLANG_WARN_COMMA = YES;
				CLANG_WARN_CONSTANT_CONVERSION = YES;
				CLANG_WARN_DEPRECATED_OBJC_IMPLEMENTATIONS = YES;
				CLANG_WARN_DIRECT_OBJC_ISA_USAGE = YES_ERROR;
				CLANG_WARN_DOCUMENTATION_COMMENTS = YES;
				CLANG_WARN_EMPTY_BODY = YES;
				CLANG_WARN_ENUM_CONVERSION = YES;
				CLANG_WARN_INFINITE_RECURSION = YES;
				CLANG_WARN_INT_CONVERSION = YES;
				CLANG_WARN_NON_LITERAL_NULL_CONVERSION = YES;
				CLANG_WARN_OBJC_IMPLICIT_RETAIN_SELF = YES;
				CLANG_WARN_OBJC_LITERAL_CONVERSION = YES;
				CLANG_WARN_OBJC_ROOT_CLASS = YES_ERROR;
				CLANG_WARN_QUOTED_INCLUDE_IN_FRAMEWORK_HEADER = YES;
				CLANG_WARN_RANGE_LOOP_ANALYSIS = YES;
				CLANG_WARN_STRICT_PROTOTYPES = YES;
				CLANG_WARN_SUSPICIOUS_MOVE = YES;
				CLANG_WARN_UNGUARDED_AVAILABILITY = YES_AGGRESSIVE;
				CLANG_WARN_UNREACHABLE_CODE = YES;
				CLANG_WARN__DUPLICATE_METHOD_MATCH = YES;
				COPY_PHASE_STRIP = NO;
				DEBUG_INFORMATION_FORMAT = dwarf;
				ENABLE_STRICT_OBJC_MSGSEND = YES;
				ENABLE_TESTABILITY = YES;
				ENABLE_USER_SCRIPT_SANDBOXING = YES;
				GCC_C_LANGUAGE_STANDARD = gnu17;
				GCC_DYNAMIC_NO_PIC = NO;
				GCC_NO_COMMON_BLOCKS = YES;
				GCC_OPTIMIZATION_LEVEL = 0;
				GCC_PREPROCESSOR_DEFINITIONS = (
					"DEBUG=1",
					"$(inherited)",
				);
				GCC_WARN_64_TO_32_BIT_CONVERSION = YES;
				GCC_WARN_ABOUT_RETURN_TYPE = YES_ERROR;
				GCC_WARN_UNDECLARED_SELECTOR = YES;
				GCC_WARN_UNINITIALIZED_AUTOS = YES_AGGRESSIVE;
				GCC_WARN_UNUSED_FUNCTION = YES;
				GCC_WARN_UNUSED_VARIABLE = YES;
				IPHONEOS_DEPLOYMENT_TARGET = 17.0;
				LOCALIZATION_PREFERS_STRING_CATALOGS = YES;
				MTL_ENABLE_DEBUG_INFO = INCLUDE_SOURCE;
				MTL_FAST_MATH = YES;
				ONLY_ACTIVE_ARCH = YES;
				SDKROOT = iphoneos;
				SWIFT_ACTIVE_COMPILATION_CONDITIONS = "DEBUG $(inherited)";
				SWIFT_OPTIMIZATION_LEVEL = "-Onone";
			};
			name = Debug;
		};
		4AB329082B626375008F4377 /* Release */ = {
			isa = XCBuildConfiguration;
			buildSettings = {
				ALWAYS_SEARCH_USER_PATHS = NO;
				ASSETCATALOG_COMPILER_GENERATE_SWIFT_ASSET_SYMBOL_EXTENSIONS = YES;
				CLANG_ANALYZER_NONNULL = YES;
				CLANG_ANALYZER_NUMBER_OBJECT_CONVERSION = YES_AGGRESSIVE;
				CLANG_CXX_LANGUAGE_STANDARD = "gnu++20";
				CLANG_ENABLE_MODULES = YES;
				CLANG_ENABLE_OBJC_ARC = YES;
				CLANG_ENABLE_OBJC_WEAK = YES;
				CLANG_WARN_BLOCK_CAPTURE_AUTORELEASING = YES;
				CLANG_WARN_BOOL_CONVERSION = YES;
				CLANG_WARN_COMMA = YES;
				CLANG_WARN_CONSTANT_CONVERSION = YES;
				CLANG_WARN_DEPRECATED_OBJC_IMPLEMENTATIONS = YES;
				CLANG_WARN_DIRECT_OBJC_ISA_USAGE = YES_ERROR;
				CLANG_WARN_DOCUMENTATION_COMMENTS = YES;
				CLANG_WARN_EMPTY_BODY = YES;
				CLANG_WARN_ENUM_CONVERSION = YES;
				CLANG_WARN_INFINITE_RECURSION = YES;
				CLANG_WARN_INT_CONVERSION = YES;
				CLANG_WARN_NON_LITERAL_NULL_CONVERSION = YES;
				CLANG_WARN_OBJC_IMPLICIT_RETAIN_SELF = YES;
				CLANG_WARN_OBJC_LITERAL_CONVERSION = YES;
				CLANG_WARN_OBJC_ROOT_CLASS = YES_ERROR;
				CLANG_WARN_QUOTED_INCLUDE_IN_FRAMEWORK_HEADER = YES;
				CLANG_WARN_RANGE_LOOP_ANALYSIS = YES;
				CLANG_WARN_STRICT_PROTOTYPES = YES;
				CLANG_WARN_SUSPICIOUS_MOVE = YES;
				CLANG_WARN_UNGUARDED_AVAILABILITY = YES_AGGRESSIVE;
				CLANG_WARN_UNREACHABLE_CODE = YES;
				CLANG_WARN__DUPLICATE_METHOD_MATCH = YES;
				COPY_PHASE_STRIP = NO;
				DEBUG_INFORMATION_FORMAT = "dwarf-with-dsym";
				ENABLE_NS_ASSERTIONS = NO;
				ENABLE_STRICT_OBJC_MSGSEND = YES;
				ENABLE_USER_SCRIPT_SANDBOXING = YES;
				GCC_C_LANGUAGE_STANDARD = gnu17;
				GCC_NO_COMMON_BLOCKS = YES;
				GCC_WARN_64_TO_32_BIT_CONVERSION = YES;
				GCC_WARN_ABOUT_RETURN_TYPE = YES_ERROR;
				GCC_WARN_UNDECLARED_SELECTOR = YES;
				GCC_WARN_UNINITIALIZED_AUTOS = YES_AGGRESSIVE;
				GCC_WARN_UNUSED_FUNCTION = YES;
				GCC_WARN_UNUSED_VARIABLE = YES;
				IPHONEOS_DEPLOYMENT_TARGET = 17.0;
				LOCALIZATION_PREFERS_STRING_CATALOGS = YES;
				MTL_ENABLE_DEBUG_INFO = NO;
				MTL_FAST_MATH = YES;
				SDKROOT = iphoneos;
				SWIFT_COMPILATION_MODE = wholemodule;
				VALIDATE_PRODUCT = YES;
			};
			name = Release;
		};
		4AB3290A2B626375008F4377 /* Debug */ = {
			isa = XCBuildConfiguration;
			buildSettings = {
				ASSETCATALOG_COMPILER_APPICON_NAME = AppIcon;
				ASSETCATALOG_COMPILER_GLOBAL_ACCENT_COLOR_NAME = AccentColor;
				CODE_SIGN_STYLE = Automatic;
				CURRENT_PROJECT_VERSION = 1;
				DEVELOPMENT_ASSET_PATHS = "\"rbTestTaskSwiftUI/Preview Content\"";
				DEVELOPMENT_TEAM = ZDU8QSD76H;
				ENABLE_PREVIEWS = YES;
				GENERATE_INFOPLIST_FILE = YES;
				INFOPLIST_KEY_UIApplicationSceneManifest_Generation = YES;
				INFOPLIST_KEY_UIApplicationSupportsIndirectInputEvents = YES;
				INFOPLIST_KEY_UILaunchScreen_Generation = YES;
				INFOPLIST_KEY_UISupportedInterfaceOrientations_iPad = "UIInterfaceOrientationPortrait UIInterfaceOrientationPortraitUpsideDown UIInterfaceOrientationLandscapeLeft UIInterfaceOrientationLandscapeRight";
				INFOPLIST_KEY_UISupportedInterfaceOrientations_iPhone = "UIInterfaceOrientationPortrait UIInterfaceOrientationLandscapeLeft UIInterfaceOrientationLandscapeRight";
				LD_RUNPATH_SEARCH_PATHS = (
					"$(inherited)",
					"@executable_path/Frameworks",
				);
				MARKETING_VERSION = 1.0;
				PRODUCT_BUNDLE_IDENTIFIER = iakovlev.rbTestTaskSwiftUI;
				PRODUCT_NAME = "$(TARGET_NAME)";
				SWIFT_EMIT_LOC_STRINGS = YES;
				SWIFT_VERSION = 5.0;
				TARGETED_DEVICE_FAMILY = "1,2";
			};
			name = Debug;
		};
		4AB3290B2B626375008F4377 /* Release */ = {
			isa = XCBuildConfiguration;
			buildSettings = {
				ASSETCATALOG_COMPILER_APPICON_NAME = AppIcon;
				ASSETCATALOG_COMPILER_GLOBAL_ACCENT_COLOR_NAME = AccentColor;
				CODE_SIGN_STYLE = Automatic;
				CURRENT_PROJECT_VERSION = 1;
				DEVELOPMENT_ASSET_PATHS = "\"rbTestTaskSwiftUI/Preview Content\"";
				DEVELOPMENT_TEAM = ZDU8QSD76H;
				ENABLE_PREVIEWS = YES;
				GENERATE_INFOPLIST_FILE = YES;
				INFOPLIST_KEY_UIApplicationSceneManifest_Generation = YES;
				INFOPLIST_KEY_UIApplicationSupportsIndirectInputEvents = YES;
				INFOPLIST_KEY_UILaunchScreen_Generation = YES;
				INFOPLIST_KEY_UISupportedInterfaceOrientations_iPad = "UIInterfaceOrientationPortrait UIInterfaceOrientationPortraitUpsideDown UIInterfaceOrientationLandscapeLeft UIInterfaceOrientationLandscapeRight";
				INFOPLIST_KEY_UISupportedInterfaceOrientations_iPhone = "UIInterfaceOrientationPortrait UIInterfaceOrientationLandscapeLeft UIInterfaceOrientationLandscapeRight";
				LD_RUNPATH_SEARCH_PATHS = (
					"$(inherited)",
					"@executable_path/Frameworks",
				);
				MARKETING_VERSION = 1.0;
				PRODUCT_BUNDLE_IDENTIFIER = iakovlev.rbTestTaskSwiftUI;
				PRODUCT_NAME = "$(TARGET_NAME)";
				SWIFT_EMIT_LOC_STRINGS = YES;
				SWIFT_VERSION = 5.0;
				TARGETED_DEVICE_FAMILY = "1,2";
			};
			name = Release;
		};
		4AB3290D2B626375008F4377 /* Debug */ = {
			isa = XCBuildConfiguration;
			buildSettings = {
				ALWAYS_EMBED_SWIFT_STANDARD_LIBRARIES = YES;
				BUNDLE_LOADER = "$(TEST_HOST)";
				CODE_SIGN_STYLE = Automatic;
				CURRENT_PROJECT_VERSION = 1;
				DEVELOPMENT_TEAM = ZDU8QSD76H;
				GENERATE_INFOPLIST_FILE = YES;
				IPHONEOS_DEPLOYMENT_TARGET = 17.0;
				MARKETING_VERSION = 1.0;
				PRODUCT_BUNDLE_IDENTIFIER = iakovlev.rbTestTaskSwiftUITests;
				PRODUCT_NAME = "$(TARGET_NAME)";
				SWIFT_EMIT_LOC_STRINGS = NO;
				SWIFT_VERSION = 5.0;
				TARGETED_DEVICE_FAMILY = "1,2";
				TEST_HOST = "$(BUILT_PRODUCTS_DIR)/rbTestTaskSwiftUI.app/$(BUNDLE_EXECUTABLE_FOLDER_PATH)/rbTestTaskSwiftUI";
			};
			name = Debug;
		};
		4AB3290E2B626375008F4377 /* Release */ = {
			isa = XCBuildConfiguration;
			buildSettings = {
				ALWAYS_EMBED_SWIFT_STANDARD_LIBRARIES = YES;
				BUNDLE_LOADER = "$(TEST_HOST)";
				CODE_SIGN_STYLE = Automatic;
				CURRENT_PROJECT_VERSION = 1;
				DEVELOPMENT_TEAM = ZDU8QSD76H;
				GENERATE_INFOPLIST_FILE = YES;
				IPHONEOS_DEPLOYMENT_TARGET = 17.0;
				MARKETING_VERSION = 1.0;
				PRODUCT_BUNDLE_IDENTIFIER = iakovlev.rbTestTaskSwiftUITests;
				PRODUCT_NAME = "$(TARGET_NAME)";
				SWIFT_EMIT_LOC_STRINGS = NO;
				SWIFT_VERSION = 5.0;
				TARGETED_DEVICE_FAMILY = "1,2";
				TEST_HOST = "$(BUILT_PRODUCTS_DIR)/rbTestTaskSwiftUI.app/$(BUNDLE_EXECUTABLE_FOLDER_PATH)/rbTestTaskSwiftUI";
			};
			name = Release;
		};
		4AB329102B626375008F4377 /* Debug */ = {
			isa = XCBuildConfiguration;
			buildSettings = {
				ALWAYS_EMBED_SWIFT_STANDARD_LIBRARIES = YES;
				CODE_SIGN_STYLE = Automatic;
				CURRENT_PROJECT_VERSION = 1;
				DEVELOPMENT_TEAM = ZDU8QSD76H;
				GENERATE_INFOPLIST_FILE = YES;
				MARKETING_VERSION = 1.0;
				PRODUCT_BUNDLE_IDENTIFIER = iakovlev.rbTestTaskSwiftUIUITests;
				PRODUCT_NAME = "$(TARGET_NAME)";
				SWIFT_EMIT_LOC_STRINGS = NO;
				SWIFT_VERSION = 5.0;
				TARGETED_DEVICE_FAMILY = "1,2";
				TEST_TARGET_NAME = rbTestTaskSwiftUI;
			};
			name = Debug;
		};
		4AB329112B626375008F4377 /* Release */ = {
			isa = XCBuildConfiguration;
			buildSettings = {
				ALWAYS_EMBED_SWIFT_STANDARD_LIBRARIES = YES;
				CODE_SIGN_STYLE = Automatic;
				CURRENT_PROJECT_VERSION = 1;
				DEVELOPMENT_TEAM = ZDU8QSD76H;
				GENERATE_INFOPLIST_FILE = YES;
				MARKETING_VERSION = 1.0;
				PRODUCT_BUNDLE_IDENTIFIER = iakovlev.rbTestTaskSwiftUIUITests;
				PRODUCT_NAME = "$(TARGET_NAME)";
				SWIFT_EMIT_LOC_STRINGS = NO;
				SWIFT_VERSION = 5.0;
				TARGETED_DEVICE_FAMILY = "1,2";
				TEST_TARGET_NAME = rbTestTaskSwiftUI;
			};
			name = Release;
		};
/* End XCBuildConfiguration section */

/* Begin XCConfigurationList section */
		4AB328E02B626371008F4377 /* Build configuration list for PBXProject "rbTestTaskSwiftUI" */ = {
			isa = XCConfigurationList;
			buildConfigurations = (
				4AB329072B626375008F4377 /* Debug */,
				4AB329082B626375008F4377 /* Release */,
			);
			defaultConfigurationIsVisible = 0;
			defaultConfigurationName = Release;
		};
		4AB329092B626375008F4377 /* Build configuration list for PBXNativeTarget "rbTestTaskSwiftUI" */ = {
			isa = XCConfigurationList;
			buildConfigurations = (
				4AB3290A2B626375008F4377 /* Debug */,
				4AB3290B2B626375008F4377 /* Release */,
			);
			defaultConfigurationIsVisible = 0;
			defaultConfigurationName = Release;
		};
		4AB3290C2B626375008F4377 /* Build configuration list for PBXNativeTarget "rbTestTaskSwiftUITests" */ = {
			isa = XCConfigurationList;
			buildConfigurations = (
				4AB3290D2B626375008F4377 /* Debug */,
				4AB3290E2B626375008F4377 /* Release */,
			);
			defaultConfigurationIsVisible = 0;
			defaultConfigurationName = Release;
		};
		4AB3290F2B626375008F4377 /* Build configuration list for PBXNativeTarget "rbTestTaskSwiftUIUITests" */ = {
			isa = XCConfigurationList;
			buildConfigurations = (
				4AB329102B626375008F4377 /* Debug */,
				4AB329112B626375008F4377 /* Release */,
			);
			defaultConfigurationIsVisible = 0;
			defaultConfigurationName = Release;
		};
/* End XCConfigurationList section */
	};
	rootObject = 4AB328DD2B626371008F4377 /* Project object */;
}
